
Microsoft Visual Studio Solution File, Format Version 12.00
# Visual Studio Version 17
VisualStudioVersion = 17.4.33122.133
MinimumVisualStudioVersion = 10.0.40219.1
Project("{FAE04EC0-301F-11D3-BF4B-00C04F79EFBC}") = "EasyJob.Api", "EasyJob.Api\EasyJob.Api.csproj", "{F57C5A30-A27A-4BF3-A9BD-75294C15DB97}"
EndProject
Global
	GlobalSection(SolutionConfigurationPlatforms) = preSolution
		Debug|Any CPU = Debug|Any CPU
		Release|Any CPU = Release|Any CPU
	EndGlobalSection
	GlobalSection(ProjectConfigurationPlatforms) = postSolution
		{F57C5A30-A27A-4BF3-A9BD-75294C15DB97}.Debug|Any CPU.ActiveCfg = Debug|Any CPU
		{F57C5A30-A27A-4BF3-A9BD-75294C15DB97}.Debug|Any CPU.Build.0 = Debug|Any CPU
		{F57C5A30-A27A-4BF3-A9BD-75294C15DB97}.Release|Any CPU.ActiveCfg = Release|Any CPU
		{F57C5A30-A27A-4BF3-A9BD-75294C15DB97}.Release|Any CPU.Build.0 = Release|Any CPU
	EndGlobalSection
	GlobalSection(SolutionProperties) = preSolution
		HideSolutionNode = FALSE
	EndGlobalSection
	GlobalSection(ExtensibilityGlobals) = postSolution
		SolutionGuid = {BB874435-E8E4-4B99-8F4B-C44E80DCFA7C}
	EndGlobalSection
EndGlobal
