
Microsoft Visual Studio Solution File, Format Version 12.00
# Visual Studio Version 17
VisualStudioVersion = 17.4.33122.133
MinimumVisualStudioVersion = 10.0.40219.1
Project("{9A19103F-16F7-4668-BE54-9A1E7A4F7556}") = "EasyJob.Api", "src\EasyJob.Api\EasyJob.Api.csproj", "{F57C5A30-A27A-4BF3-A9BD-75294C15DB97}"
EndProject
Project("{FAE04EC0-301F-11D3-BF4B-00C04F79EFBC}") = "EasyJob.Infrastructure", "src\EasyJob.Infrastructure\EasyJob.Infrastructure.csproj", "{4B5A90C6-1B8D-4FCA-86DA-6288F459291F}"
EndProject
Project("{FAE04EC0-301F-11D3-BF4B-00C04F79EFBC}") = "EasyJob.Application", "src\EasyJob.Application\EasyJob.Application.csproj", "{310A4E6B-4594-4901-B67C-E8237115377A}"
EndProject
Project("{FAE04EC0-301F-11D3-BF4B-00C04F79EFBC}") = "EasyJob.Domain", "src\EasyJob.Domain\EasyJob.Domain.csproj", "{551DF83B-3423-443C-BBD1-7973E5EDA071}"
EndProject
Global
	GlobalSection(SolutionConfigurationPlatforms) = preSolution
		Debug|Any CPU = Debug|Any CPU
		Release|Any CPU = Release|Any CPU
	EndGlobalSection
	GlobalSection(ProjectConfigurationPlatforms) = postSolution
		{F57C5A30-A27A-4BF3-A9BD-75294C15DB97}.Debug|Any CPU.ActiveCfg = Debug|Any CPU
		{F57C5A30-A27A-4BF3-A9BD-75294C15DB97}.Debug|Any CPU.Build.0 = Debug|Any CPU
		{F57C5A30-A27A-4BF3-A9BD-75294C15DB97}.Release|Any CPU.ActiveCfg = Release|Any CPU
		{F57C5A30-A27A-4BF3-A9BD-75294C15DB97}.Release|Any CPU.Build.0 = Release|Any CPU
		{4B5A90C6-1B8D-4FCA-86DA-6288F459291F}.Debug|Any CPU.ActiveCfg = Debug|Any CPU
		{4B5A90C6-1B8D-4FCA-86DA-6288F459291F}.Debug|Any CPU.Build.0 = Debug|Any CPU
		{4B5A90C6-1B8D-4FCA-86DA-6288F459291F}.Release|Any CPU.ActiveCfg = Release|Any CPU
		{4B5A90C6-1B8D-4FCA-86DA-6288F459291F}.Release|Any CPU.Build.0 = Release|Any CPU
		{310A4E6B-4594-4901-B67C-E8237115377A}.Debug|Any CPU.ActiveCfg = Debug|Any CPU
		{310A4E6B-4594-4901-B67C-E8237115377A}.Debug|Any CPU.Build.0 = Debug|Any CPU
		{310A4E6B-4594-4901-B67C-E8237115377A}.Release|Any CPU.ActiveCfg = Release|Any CPU
		{310A4E6B-4594-4901-B67C-E8237115377A}.Release|Any CPU.Build.0 = Release|Any CPU
		{551DF83B-3423-443C-BBD1-7973E5EDA071}.Debug|Any CPU.ActiveCfg = Debug|Any CPU
		{551DF83B-3423-443C-BBD1-7973E5EDA071}.Debug|Any CPU.Build.0 = Debug|Any CPU
		{551DF83B-3423-443C-BBD1-7973E5EDA071}.Release|Any CPU.ActiveCfg = Release|Any CPU
		{551DF83B-3423-443C-BBD1-7973E5EDA071}.Release|Any CPU.Build.0 = Release|Any CPU
	EndGlobalSection
	GlobalSection(SolutionProperties) = preSolution
		HideSolutionNode = FALSE
	EndGlobalSection
	GlobalSection(ExtensibilityGlobals) = postSolution
		SolutionGuid = {BB874435-E8E4-4B99-8F4B-C44E80DCFA7C}
	EndGlobalSection
EndGlobal
